{
    "_meta": {
        "hash": {
            "sha256": "ec42c1ef684c85a6d9435c4f23f3cf6e6b579f91bff19f136ce904c0aa7af4a0"
        },
        "pipfile-spec": 6,
        "requires": {
            "python_version": "3.9"
        },
        "sources": [
            {
                "name": "pypi",
                "url": "https://pypi.org/simple",
                "verify_ssl": true
            }
        ]
    },
    "default": {
        "asyncmy": {
            "hashes": [
                "sha256:02add8063bd00762a469dcb9915563f66520ffda598851a957443b1012182f43",
                "sha256:2275cc0036fa39f888c0770173ffb8ed16b89eecf2e380499275bfa6bf4ee088",
                "sha256:2dc25f0bb723a71445d5c5b46ab2ae71c9dd3123fea9eae1bee4c36af5eda2bc",
                "sha256:527ccc24a9bd76d565f1024f4a50ee6fd92cac518e6d884281ad61ffc424e7cd",
                "sha256:61ed1b9e69dafe476f02c20962b8ee4ec5ba130b760bdf504015fcb80bbe6787",
                "sha256:6606e296dc161d71629f1163c3c82dda97431e25ee7240b6b7f139c2c35cff94",
                "sha256:9824184d180753d23101b1d9fdc7955783b08fbc6f3cc88d6acce7ff019c0eaf",
                "sha256:a341d8a22d9a1f3236a81f17836002291567aa7d878ab75b37ed9bf4ce401290",
                "sha256:cf3ef3d1ada385d231f23fffcbf1fe040bae8575b187746633fbef6e7cff2844",
                "sha256:e184e701fa153dd456f6b351136c0a7a7524b8f5959f7f4b47848efe434a9c7d",
                "sha256:f176b55c82d3bdb10f0ecb3a518a54777f3d247e00f06add138f63df4edc0e3d",
                "sha256:f404d351d4f9fc741cdb8b49da8278e63a8551be6ccd03b514c2c0828500633d",
                "sha256:f5dcc1a29d608cc5270f37328253032c554321b85bcf5653f1affa01f185c29c"
            ],
            "index": "pypi",
            "version": "==0.2.5"
        }
    },
    "develop": {}
}
